
Microsoft Visual Studio Solution File, Format Version 12.00
# Visual Studio Version 17
VisualStudioVersion = 17.5.33103.201
MinimumVisualStudioVersion = 10.0.40219.1
Project("{FAE04EC0-301F-11D3-BF4B-00C04F79EFBC}") = "WPF_Chart_Tooltip_Demo", "WPF_Chart_Tooltip_Demo.csproj", "{FBE3CDF7-412E-4BC4-A51E-C6DEC8E8D31D}"
EndProject
Global
	GlobalSection(SolutionConfigurationPlatforms) = preSolution
		Debug|Any CPU = Debug|Any CPU
		Release|Any CPU = Release|Any CPU
	EndGlobalSection
	GlobalSection(ProjectConfigurationPlatforms) = postSolution
		{FBE3CDF7-412E-4BC4-A51E-C6DEC8E8D31D}.Debug|Any CPU.ActiveCfg = Debug|Any CPU
		{FBE3CDF7-412E-4BC4-A51E-C6DEC8E8D31D}.Debug|Any CPU.Build.0 = Debug|Any CPU
		{FBE3CDF7-412E-4BC4-A51E-C6DEC8E8D31D}.Release|Any CPU.ActiveCfg = Release|Any CPU
		{FBE3CDF7-412E-4BC4-A51E-C6DEC8E8D31D}.Release|Any CPU.Build.0 = Release|Any CPU
	EndGlobalSection
	GlobalSection(SolutionProperties) = preSolution
		HideSolutionNode = FALSE
	EndGlobalSection
	GlobalSection(ExtensibilityGlobals) = postSolution
		SolutionGuid = {BE81ADF5-7CE8-448E-8845-E6B502B45C1C}
	EndGlobalSection
EndGlobal
