
Microsoft Visual Studio Solution File, Format Version 12.00
# Visual Studio Version 17
VisualStudioVersion = 17.5.33103.201
MinimumVisualStudioVersion = 10.0.40219.1
Project("{FAE04EC0-301F-11D3-BF4B-00C04F79EFBC}") = "WPF_Chart_Tooltip_Demo", "WPF_Chart_Tooltip_Demo.csproj", "{F1F16220-F032-410F-9C7A-E9561B817E46}"
EndProject
Global
	GlobalSection(SolutionConfigurationPlatforms) = preSolution
		Debug|Any CPU = Debug|Any CPU
		Release|Any CPU = Release|Any CPU
	EndGlobalSection
	GlobalSection(ProjectConfigurationPlatforms) = postSolution
		{F1F16220-F032-410F-9C7A-E9561B817E46}.Debug|Any CPU.ActiveCfg = Debug|Any CPU
		{F1F16220-F032-410F-9C7A-E9561B817E46}.Debug|Any CPU.Build.0 = Debug|Any CPU
		{F1F16220-F032-410F-9C7A-E9561B817E46}.Release|Any CPU.ActiveCfg = Release|Any CPU
		{F1F16220-F032-410F-9C7A-E9561B817E46}.Release|Any CPU.Build.0 = Release|Any CPU
	EndGlobalSection
	GlobalSection(SolutionProperties) = preSolution
		HideSolutionNode = FALSE
	EndGlobalSection
	GlobalSection(ExtensibilityGlobals) = postSolution
		SolutionGuid = {134332B7-98EA-4342-9791-FFEFC17CAFBF}
	EndGlobalSection
EndGlobal
